
Microsoft Visual Studio Solution File, Format Version 12.00
# Visual Studio Version 16
VisualStudioVersion = 16.0.30320.27
MinimumVisualStudioVersion = 10.0.40219.1
Project("{9A19103F-16F7-4668-BE54-9A1E7A4F7556}") = "NLedger.Launchpad", "NLedger.Launchpad\NLedger.Launchpad.csproj", "{4CFA83D4-B7B5-4DC5-8EA3-9485BD8F6A5D}"
EndProject
Project("{9A19103F-16F7-4668-BE54-9A1E7A4F7556}") = "NLedger.Launchpad.Tests", "NLedger.Launchpad.Tests\NLedger.Launchpad.Tests.csproj", "{59105E9E-A426-4BA3-A9AA-38E59D9CDBE0}"
EndProject
Global
	GlobalSection(SolutionConfigurationPlatforms) = preSolution
		Debug|Any CPU = Debug|Any CPU
		Release|Any CPU = Release|Any CPU
	EndGlobalSection
	GlobalSection(ProjectConfigurationPlatforms) = postSolution
		{4CFA83D4-B7B5-4DC5-8EA3-9485BD8F6A5D}.Debug|Any CPU.ActiveCfg = Debug|Any CPU
		{4CFA83D4-B7B5-4DC5-8EA3-9485BD8F6A5D}.Debug|Any CPU.Build.0 = Debug|Any CPU
		{4CFA83D4-B7B5-4DC5-8EA3-9485BD8F6A5D}.Release|Any CPU.ActiveCfg = Release|Any CPU
		{4CFA83D4-B7B5-4DC5-8EA3-9485BD8F6A5D}.Release|Any CPU.Build.0 = Release|Any CPU
		{59105E9E-A426-4BA3-A9AA-38E59D9CDBE0}.Debug|Any CPU.ActiveCfg = Debug|Any CPU
		{59105E9E-A426-4BA3-A9AA-38E59D9CDBE0}.Debug|Any CPU.Build.0 = Debug|Any CPU
		{59105E9E-A426-4BA3-A9AA-38E59D9CDBE0}.Release|Any CPU.ActiveCfg = Release|Any CPU
		{59105E9E-A426-4BA3-A9AA-38E59D9CDBE0}.Release|Any CPU.Build.0 = Release|Any CPU
	EndGlobalSection
	GlobalSection(SolutionProperties) = preSolution
		HideSolutionNode = FALSE
	EndGlobalSection
	GlobalSection(ExtensibilityGlobals) = postSolution
		SolutionGuid = {6D76466D-8F11-4F1D-A73D-0B22D5105C32}
	EndGlobalSection
EndGlobal
